// !$*UTF8*$!
{
	archiveVersion = 1;
	classes = {
	};
	objectVersion = 50;
	objects = {

/* Begin PBXBuildFile section */
		38666654216E77210005138F /* AppDelegate.swift in Sources */ = {isa = PBXBuildFile; fileRef = 38666653216E77210005138F /* AppDelegate.swift */; };
		38666656216E77210005138F /* ViewController.swift in Sources */ = {isa = PBXBuildFile; fileRef = 38666655216E77210005138F /* ViewController.swift */; };
		38666659216E77210005138F /* Main.storyboard in Resources */ = {isa = PBXBuildFile; fileRef = 38666657216E77210005138F /* Main.storyboard */; };
		3866665B216E77250005138F /* Assets.xcassets in Resources */ = {isa = PBXBuildFile; fileRef = 3866665A216E77250005138F /* Assets.xcassets */; };
		3866665E216E77250005138F /* LaunchScreen.storyboard in Resources */ = {isa = PBXBuildFile; fileRef = 3866665C216E77250005138F /* LaunchScreen.storyboard */; };
		38666669216E77250005138F /* RockPaperSisorsTests.swift in Sources */ = {isa = PBXBuildFile; fileRef = 38666668216E77250005138F /* RockPaperSisorsTests.swift */; };
		38666674216E77250005138F /* RockPaperSisorsUITests.swift in Sources */ = {isa = PBXBuildFile; fileRef = 38666673216E77250005138F /* RockPaperSisorsUITests.swift */; };
		38666688216E78310005138F /* paper.png in Resources */ = {isa = PBXBuildFile; fileRef = 38666681216E78300005138F /* paper.png */; };
		38666689216E78310005138F /* rock.png in Resources */ = {isa = PBXBuildFile; fileRef = 38666682216E78300005138F /* rock.png */; };
		3866668A216E78310005138F /* RockCrushesScissors.jpeg in Resources */ = {isa = PBXBuildFile; fileRef = 38666683216E78300005138F /* RockCrushesScissors.jpeg */; };
		3866668B216E78310005138F /* itsATie.png in Resources */ = {isa = PBXBuildFile; fileRef = 38666684216E78300005138F /* itsATie.png */; };
		3866668C216E78310005138F /* PaperCoversRock.jpg in Resources */ = {isa = PBXBuildFile; fileRef = 38666685216E78300005138F /* PaperCoversRock.jpg */; };
		3866668D216E78310005138F /* ScissorsCutPaper.jpg in Resources */ = {isa = PBXBuildFile; fileRef = 38666686216E78310005138F /* ScissorsCutPaper.jpg */; };
		3866668E216E78310005138F /* scissors.png in Resources */ = {isa = PBXBuildFile; fileRef = 38666687216E78310005138F /* scissors.png */; };
		38666690216E789C0005138F /* ResultViewController.swift in Sources */ = {isa = PBXBuildFile; fileRef = 3866668F216E789C0005138F /* ResultViewController.swift */; };
/* End PBXBuildFile section */

/* Begin PBXContainerItemProxy section */
		38666665216E77250005138F /* PBXContainerItemProxy */ = {
			isa = PBXContainerItemProxy;
			containerPortal = 38666648216E77210005138F /* Project object */;
			proxyType = 1;
			remoteGlobalIDString = 3866664F216E77210005138F;
			remoteInfo = RockPaperSisors;
		};
		38666670216E77250005138F /* PBXContainerItemProxy */ = {
			isa = PBXContainerItemProxy;
			containerPortal = 38666648216E77210005138F /* Project object */;
			proxyType = 1;
			remoteGlobalIDString = 3866664F216E77210005138F;
			remoteInfo = RockPaperSisors;
		};
/* End PBXContainerItemProxy section */

/* Begin PBXFileReference section */
		38666650216E77210005138F /* RockPaperSisors.app */ = {isa = PBXFileReference; explicitFileType = wrapper.application; includeInIndex = 0; path = RockPaperSisors.app; sourceTree = BUILT_PRODUCTS_DIR; };
		38666653216E77210005138F /* AppDelegate.swift */ = {isa = PBXFileReference; lastKnownFileType = sourcecode.swift; path = AppDelegate.swift; sourceTree = "<group>"; };
		38666655216E77210005138F /* ViewController.swift */ = {isa = PBXFileReference; lastKnownFileType = sourcecode.swift; path = ViewController.swift; sourceTree = "<group>"; };
		38666658216E77210005138F /* Base */ = {isa = PBXFileReference; lastKnownFileType = file.storyboard; name = Base; path = Base.lproj/Main.storyboard; sourceTree = "<group>"; };
		3866665A216E77250005138F /* Assets.xcassets */ = {isa = PBXFileReference; lastKnownFileType = folder.assetcatalog; path = Assets.xcassets; sourceTree = "<group>"; };
		3866665D216E77250005138F /* Base */ = {isa = PBXFileReference; lastKnownFileType = file.storyboard; name = Base; path = Base.lproj/LaunchScreen.storyboard; sourceTree = "<group>"; };
		3866665F216E77250005138F /* Info.plist */ = {isa = PBXFileReference; lastKnownFileType = text.plist.xml; path = Info.plist; sourceTree = "<group>"; };
		38666664216E77250005138F /* RockPaperSisorsTests.xctest */ = {isa = PBXFileReference; explicitFileType = wrapper.cfbundle; includeInIndex = 0; path = RockPaperSisorsTests.xctest; sourceTree = BUILT_PRODUCTS_DIR; };
		38666668216E77250005138F /* RockPaperSisorsTests.swift */ = {isa = PBXFileReference; lastKnownFileType = sourcecode.swift; path = RockPaperSisorsTests.swift; sourceTree = "<group>"; };
		3866666A216E77250005138F /* Info.plist */ = {isa = PBXFileReference; lastKnownFileType = text.plist.xml; path = Info.plist; sourceTree = "<group>"; };
		3866666F216E77250005138F /* RockPaperSisorsUITests.xctest */ = {isa = PBXFileReference; explicitFileType = wrapper.cfbundle; includeInIndex = 0; path = RockPaperSisorsUITests.xctest; sourceTree = BUILT_PRODUCTS_DIR; };
		38666673216E77250005138F /* RockPaperSisorsUITests.swift */ = {isa = PBXFileReference; lastKnownFileType = sourcecode.swift; path = RockPaperSisorsUITests.swift; sourceTree = "<group>"; };
		38666675216E77250005138F /* Info.plist */ = {isa = PBXFileReference; lastKnownFileType = text.plist.xml; path = Info.plist; sourceTree = "<group>"; };
		38666681216E78300005138F /* paper.png */ = {isa = PBXFileReference; lastKnownFileType = image.png; path = paper.png; sourceTree = "<group>"; };
		38666682216E78300005138F /* rock.png */ = {isa = PBXFileReference; lastKnownFileType = image.png; path = rock.png; sourceTree = "<group>"; };
		38666683216E78300005138F /* RockCrushesScissors.jpeg */ = {isa = PBXFileReference; lastKnownFileType = image.jpeg; path = RockCrushesScissors.jpeg; sourceTree = "<group>"; };
		38666684216E78300005138F /* itsATie.png */ = {isa = PBXFileReference; lastKnownFileType = image.png; path = itsATie.png; sourceTree = "<group>"; };
		38666685216E78300005138F /* PaperCoversRock.jpg */ = {isa = PBXFileReference; lastKnownFileType = image.jpeg; path = PaperCoversRock.jpg; sourceTree = "<group>"; };
		38666686216E78310005138F /* ScissorsCutPaper.jpg */ = {isa = PBXFileReference; lastKnownFileType = image.jpeg; path = ScissorsCutPaper.jpg; sourceTree = "<group>"; };
		38666687216E78310005138F /* scissors.png */ = {isa = PBXFileReference; lastKnownFileType = image.png; path = scissors.png; sourceTree = "<group>"; };
		3866668F216E789C0005138F /* ResultViewController.swift */ = {isa = PBXFileReference; lastKnownFileType = sourcecode.swift; path = ResultViewController.swift; sourceTree = "<group>"; };
/* End PBXFileReference section */

/* Begin PBXFrameworksBuildPhase section */
		3866664D216E77210005138F /* Frameworks */ = {
			isa = PBXFrameworksBuildPhase;
			buildActionMask = 2147483647;
			files = (
			);
			runOnlyForDeploymentPostprocessing = 0;
		};
		38666661216E77250005138F /* Frameworks */ = {
			isa = PBXFrameworksBuildPhase;
			buildActionMask = 2147483647;
			files = (
			);
			runOnlyForDeploymentPostprocessing = 0;
		};
		3866666C216E77250005138F /* Frameworks */ = {
			isa = PBXFrameworksBuildPhase;
			buildActionMask = 2147483647;
			files = (
			);
			runOnlyForDeploymentPostprocessing = 0;
		};
/* End PBXFrameworksBuildPhase section */

/* Begin PBXGroup section */
		38666647216E77210005138F = {
			isa = PBXGroup;
			children = (
				38666652216E77210005138F /* RockPaperSisors */,
				38666667216E77250005138F /* RockPaperSisorsTests */,
				38666672216E77250005138F /* RockPaperSisorsUITests */,
				38666651216E77210005138F /* Products */,
				38666684216E78300005138F /* itsATie.png */,
				38666681216E78300005138F /* paper.png */,
				38666685216E78300005138F /* PaperCoversRock.jpg */,
				38666682216E78300005138F /* rock.png */,
				38666683216E78300005138F /* RockCrushesScissors.jpeg */,
				38666687216E78310005138F /* scissors.png */,
				38666686216E78310005138F /* ScissorsCutPaper.jpg */,
			);
			sourceTree = "<group>";
		};
		38666651216E77210005138F /* Products */ = {
			isa = PBXGroup;
			children = (
				38666650216E77210005138F /* RockPaperSisors.app */,
				38666664216E77250005138F /* RockPaperSisorsTests.xctest */,
				3866666F216E77250005138F /* RockPaperSisorsUITests.xctest */,
			);
			name = Products;
			sourceTree = "<group>";
		};
		38666652216E77210005138F /* RockPaperSisors */ = {
			isa = PBXGroup;
			children = (
				38666653216E77210005138F /* AppDelegate.swift */,
				38666655216E77210005138F /* ViewController.swift */,
				38666657216E77210005138F /* Main.storyboard */,
				3866665A216E77250005138F /* Assets.xcassets */,
				3866665C216E77250005138F /* LaunchScreen.storyboard */,
				3866665F216E77250005138F /* Info.plist */,
				3866668F216E789C0005138F /* ResultViewController.swift */,
			);
			path = RockPaperSisors;
			sourceTree = "<group>";
		};
		38666667216E77250005138F /* RockPaperSisorsTests */ = {
			isa = PBXGroup;
			children = (
				38666668216E77250005138F /* RockPaperSisorsTests.swift */,
				3866666A216E77250005138F /* Info.plist */,
			);
			path = RockPaperSisorsTests;
			sourceTree = "<group>";
		};
		38666672216E77250005138F /* RockPaperSisorsUITests */ = {
			isa = PBXGroup;
			children = (
				38666673216E77250005138F /* RockPaperSisorsUITests.swift */,
				38666675216E77250005138F /* Info.plist */,
			);
			path = RockPaperSisorsUITests;
			sourceTree = "<group>";
		};
/* End PBXGroup section */

/* Begin PBXNativeTarget section */
		3866664F216E77210005138F /* RockPaperSisors */ = {
			isa = PBXNativeTarget;
			buildConfigurationList = 38666678216E77250005138F /* Build configuration list for PBXNativeTarget "RockPaperSisors" */;
			buildPhases = (
				3866664C216E77210005138F /* Sources */,
				3866664D216E77210005138F /* Frameworks */,
				3866664E216E77210005138F /* Resources */,
			);
			buildRules = (
			);
			dependencies = (
			);
			name = RockPaperSisors;
			productName = RockPaperSisors;
			productReference = 38666650216E77210005138F /* RockPaperSisors.app */;
			productType = "com.apple.product-type.application";
		};
		38666663216E77250005138F /* RockPaperSisorsTests */ = {
			isa = PBXNativeTarget;
			buildConfigurationList = 3866667B216E77250005138F /* Build configuration list for PBXNativeTarget "RockPaperSisorsTests" */;
			buildPhases = (
				38666660216E77250005138F /* Sources */,
				38666661216E77250005138F /* Frameworks */,
				38666662216E77250005138F /* Resources */,
			);
			buildRules = (
			);
			dependencies = (
				38666666216E77250005138F /* PBXTargetDependency */,
			);
			name = RockPaperSisorsTests;
			productName = RockPaperSisorsTests;
			productReference = 38666664216E77250005138F /* RockPaperSisorsTests.xctest */;
			productType = "com.apple.product-type.bundle.unit-test";
		};
		3866666E216E77250005138F /* RockPaperSisorsUITests */ = {
			isa = PBXNativeTarget;
			buildConfigurationList = 3866667E216E77250005138F /* Build configuration list for PBXNativeTarget "RockPaperSisorsUITests" */;
			buildPhases = (
				3866666B216E77250005138F /* Sources */,
				3866666C216E77250005138F /* Frameworks */,
				3866666D216E77250005138F /* Resources */,
			);
			buildRules = (
			);
			dependencies = (
				38666671216E77250005138F /* PBXTargetDependency */,
			);
			name = RockPaperSisorsUITests;
			productName = RockPaperSisorsUITests;
			productReference = 3866666F216E77250005138F /* RockPaperSisorsUITests.xctest */;
			productType = "com.apple.product-type.bundle.ui-testing";
		};
/* End PBXNativeTarget section */

/* Begin PBXProject section */
		38666648216E77210005138F /* Project object */ = {
			isa = PBXProject;
			attributes = {
				LastSwiftUpdateCheck = 0940;
				LastUpgradeCheck = 0940;
				ORGANIZATIONNAME = Vanglar;
				TargetAttributes = {
					3866664F216E77210005138F = {
						CreatedOnToolsVersion = 9.4.1;
					};
					38666663216E77250005138F = {
						CreatedOnToolsVersion = 9.4.1;
						TestTargetID = 3866664F216E77210005138F;
					};
					3866666E216E77250005138F = {
						CreatedOnToolsVersion = 9.4.1;
						TestTargetID = 3866664F216E77210005138F;
					};
				};
			};
			buildConfigurationList = 3866664B216E77210005138F /* Build configuration list for PBXProject "RockPaperSisors" */;
			compatibilityVersion = "Xcode 9.3";
			developmentRegion = en;
			hasScannedForEncodings = 0;
			knownRegions = (
				en,
				Base,
			);
			mainGroup = 38666647216E77210005138F;
			productRefGroup = 38666651216E77210005138F /* Products */;
			projectDirPath = "";
			projectRoot = "";
			targets = (
				3866664F216E77210005138F /* RockPaperSisors */,
				38666663216E77250005138F /* RockPaperSisorsTests */,
				3866666E216E77250005138F /* RockPaperSisorsUITests */,
			);
		};
/* End PBXProject section */

/* Begin PBXResourcesBuildPhase section */
		3866664E216E77210005138F /* Resources */ = {
			isa = PBXResourcesBuildPhase;
			buildActionMask = 2147483647;
			files = (
				3866668B216E78310005138F /* itsATie.png in Resources */,
				38666688216E78310005138F /* paper.png in Resources */,
				3866668A216E78310005138F /* RockCrushesScissors.jpeg in Resources */,
				3866668C216E78310005138F /* PaperCoversRock.jpg in Resources */,
				38666689216E78310005138F /* rock.png in Resources */,
				3866665E216E77250005138F /* LaunchScreen.storyboard in Resources */,
				3866665B216E77250005138F /* Assets.xcassets in Resources */,
				3866668D216E78310005138F /* ScissorsCutPaper.jpg in Resources */,
				3866668E216E78310005138F /* scissors.png in Resources */,
				38666659216E77210005138F /* Main.storyboard in Resources */,
			);
			runOnlyForDeploymentPostprocessing = 0;
		};
		38666662216E77250005138F /* Resources */ = {
			isa = PBXResourcesBuildPhase;
			buildActionMask = 2147483647;
			files = (
			);
			runOnlyForDeploymentPostprocessing = 0;
		};
		3866666D216E77250005138F /* Resources */ = {
			isa = PBXResourcesBuildPhase;
			buildActionMask = 2147483647;
			files = (
			);
			runOnlyForDeploymentPostprocessing = 0;
		};
/* End PBXResourcesBuildPhase section */

/* Begin PBXSourcesBuildPhase section */
		3866664C216E77210005138F /* Sources */ = {
			isa = PBXSourcesBuildPhase;
			buildActionMask = 2147483647;
			files = (
				38666656216E77210005138F /* ViewController.swift in Sources */,
				38666654216E77210005138F /* AppDelegate.swift in Sources */,
				38666690216E789C0005138F /* ResultViewController.swift in Sources */,
			);
			runOnlyForDeploymentPostprocessing = 0;
		};
		38666660216E77250005138F /* Sources */ = {
			isa = PBXSourcesBuildPhase;
			buildActionMask = 2147483647;
			files = (
				38666669216E77250005138F /* RockPaperSisorsTests.swift in Sources */,
			);
			runOnlyForDeploymentPostprocessing = 0;
		};
		3866666B216E77250005138F /* Sources */ = {
			isa = PBXSourcesBuildPhase;
			buildActionMask = 2147483647;
			files = (
				38666674216E77250005138F /* RockPaperSisorsUITests.swift in Sources */,
			);
			runOnlyForDeploymentPostprocessing = 0;
		};
/* End PBXSourcesBuildPhase section */

/* Begin PBXTargetDependency section */
		38666666216E77250005138F /* PBXTargetDependency */ = {
			isa = PBXTargetDependency;
			target = 3866664F216E77210005138F /* RockPaperSisors */;
			targetProxy = 38666665216E77250005138F /* PBXContainerItemProxy */;
		};
		38666671216E77250005138F /* PBXTargetDependency */ = {
			isa = PBXTargetDependency;
			target = 3866664F216E77210005138F /* RockPaperSisors */;
			targetProxy = 38666670216E77250005138F /* PBXContainerItemProxy */;
		};
/* End PBXTargetDependency section */

/* Begin PBXVariantGroup section */
		38666657216E77210005138F /* Main.storyboard */ = {
			isa = PBXVariantGroup;
			children = (
				38666658216E77210005138F /* Base */,
			);
			name = Main.storyboard;
			sourceTree = "<group>";
		};
		3866665C216E77250005138F /* LaunchScreen.storyboard */ = {
			isa = PBXVariantGroup;
			children = (
				3866665D216E77250005138F /* Base */,
			);
			name = LaunchScreen.storyboard;
			sourceTree = "<group>";
		};
/* End PBXVariantGroup section */

/* Begin XCBuildConfiguration section */
		38666676216E77250005138F /* Debug */ = {
			isa = XCBuildConfiguration;
			buildSettings = {
				ALWAYS_SEARCH_USER_PATHS = NO;
				CLANG_ANALYZER_NONNULL = YES;
				CLANG_ANALYZER_NUMBER_OBJECT_CONVERSION = YES_AGGRESSIVE;
				CLANG_CXX_LANGUAGE_STANDARD = "gnu++14";
				CLANG_CXX_LIBRARY = "libc++";
				CLANG_ENABLE_MODULES = YES;
				CLANG_ENABLE_OBJC_ARC = YES;
				CLANG_ENABLE_OBJC_WEAK = YES;
				CLANG_WARN_BLOCK_CAPTURE_AUTORELEASING = YES;
				CLANG_WARN_BOOL_CONVERSION = YES;
				CLANG_WARN_COMMA = YES;
				CLANG_WARN_CONSTANT_CONVERSION = YES;
				CLANG_WARN_DEPRECATED_OBJC_IMPLEMENTATIONS = YES;
				CLANG_WARN_DIRECT_OBJC_ISA_USAGE = YES_ERROR;
				CLANG_WARN_DOCUMENTATION_COMMENTS = YES;
				CLANG_WARN_EMPTY_BODY = YES;
				CLANG_WARN_ENUM_CONVERSION = YES;
				CLANG_WARN_INFINITE_RECURSION = YES;
				CLANG_WARN_INT_CONVERSION = YES;
				CLANG_WARN_NON_LITERAL_NULL_CONVERSION = YES;
				CLANG_WARN_OBJC_IMPLICIT_RETAIN_SELF = YES;
				CLANG_WARN_OBJC_LITERAL_CONVERSION = YES;
				CLANG_WARN_OBJC_ROOT_CLASS = YES_ERROR;
				CLANG_WARN_RANGE_LOOP_ANALYSIS = YES;
				CLANG_WARN_STRICT_PROTOTYPES = YES;
				CLANG_WARN_SUSPICIOUS_MOVE = YES;
				CLANG_WARN_UNGUARDED_AVAILABILITY = YES_AGGRESSIVE;
				CLANG_WARN_UNREACHABLE_CODE = YES;
				CLANG_WARN__DUPLICATE_METHOD_MATCH = YES;
				CODE_SIGN_IDENTITY = "iPhone Developer";
				COPY_PHASE_STRIP = NO;
				DEBUG_INFORMATION_FORMAT = dwarf;
				ENABLE_STRICT_OBJC_MSGSEND = YES;
				ENABLE_TESTABILITY = YES;
				GCC_C_LANGUAGE_STANDARD = gnu11;
				GCC_DYNAMIC_NO_PIC = NO;
				GCC_NO_COMMON_BLOCKS = YES;
				GCC_OPTIMIZATION_LEVEL = 0;
				GCC_PREPROCESSOR_DEFINITIONS = (
					"DEBUG=1",
					"$(inherited)",
				);
				GCC_WARN_64_TO_32_BIT_CONVERSION = YES;
				GCC_WARN_ABOUT_RETURN_TYPE = YES_ERROR;
				GCC_WARN_UNDECLARED_SELECTOR = YES;
				GCC_WARN_UNINITIALIZED_AUTOS = YES_AGGRESSIVE;
				GCC_WARN_UNUSED_FUNCTION = YES;
				GCC_WARN_UNUSED_VARIABLE = YES;
				IPHONEOS_DEPLOYMENT_TARGET = 11.4;
				MTL_ENABLE_DEBUG_INFO = YES;
				ONLY_ACTIVE_ARCH = YES;
				SDKROOT = iphoneos;
				SWIFT_ACTIVE_COMPILATION_CONDITIONS = DEBUG;
				SWIFT_OPTIMIZATION_LEVEL = "-Onone";
			};
			name = Debug;
		};
		38666677216E77250005138F /* Release */ = {
			isa = XCBuildConfiguration;
			buildSettings = {
				ALWAYS_SEARCH_USER_PATHS = NO;
				CLANG_ANALYZER_NONNULL = YES;
				CLANG_ANALYZER_NUMBER_OBJECT_CONVERSION = YES_AGGRESSIVE;
				CLANG_CXX_LANGUAGE_STANDARD = "gnu++14";
				CLANG_CXX_LIBRARY = "libc++";
				CLANG_ENABLE_MODULES = YES;
				CLANG_ENABLE_OBJC_ARC = YES;
				CLANG_ENABLE_OBJC_WEAK = YES;
				CLANG_WARN_BLOCK_CAPTURE_AUTORELEASING = YES;
				CLANG_WARN_BOOL_CONVERSION = YES;
				CLANG_WARN_COMMA = YES;
				CLANG_WARN_CONSTANT_CONVERSION = YES;
				CLANG_WARN_DEPRECATED_OBJC_IMPLEMENTATIONS = YES;
				CLANG_WARN_DIRECT_OBJC_ISA_USAGE = YES_ERROR;
				CLANG_WARN_DOCUMENTATION_COMMENTS = YES;
				CLANG_WARN_EMPTY_BODY = YES;
				CLANG_WARN_ENUM_CONVERSION = YES;
				CLANG_WARN_INFINITE_RECURSION = YES;
				CLANG_WARN_INT_CONVERSION = YES;
				CLANG_WARN_NON_LITERAL_NULL_CONVERSION = YES;
				CLANG_WARN_OBJC_IMPLICIT_RETAIN_SELF = YES;
				CLANG_WARN_OBJC_LITERAL_CONVERSION = YES;
				CLANG_WARN_OBJC_ROOT_CLASS = YES_ERROR;
				CLANG_WARN_RANGE_LOOP_ANALYSIS = YES;
				CLANG_WARN_STRICT_PROTOTYPES = YES;
				CLANG_WARN_SUSPICIOUS_MOVE = YES;
				CLANG_WARN_UNGUARDED_AVAILABILITY = YES_AGGRESSIVE;
				CLANG_WARN_UNREACHABLE_CODE = YES;
				CLANG_WARN__DUPLICATE_METHOD_MATCH = YES;
				CODE_SIGN_IDENTITY = "iPhone Developer";
				COPY_PHASE_STRIP = NO;
				DEBUG_INFORMATION_FORMAT = "dwarf-with-dsym";
				ENABLE_NS_ASSERTIONS = NO;
				ENABLE_STRICT_OBJC_MSGSEND = YES;
				GCC_C_LANGUAGE_STANDARD = gnu11;
				GCC_NO_COMMON_BLOCKS = YES;
				GCC_WARN_64_TO_32_BIT_CONVERSION = YES;
				GCC_WARN_ABOUT_RETURN_TYPE = YES_ERROR;
				GCC_WARN_UNDECLARED_SELECTOR = YES;
				GCC_WARN_UNINITIALIZED_AUTOS = YES_AGGRESSIVE;
				GCC_WARN_UNUSED_FUNCTION = YES;
				GCC_WARN_UNUSED_VARIABLE = YES;
				IPHONEOS_DEPLOYMENT_TARGET = 11.4;
				MTL_ENABLE_DEBUG_INFO = NO;
				SDKROOT = iphoneos;
				SWIFT_COMPILATION_MODE = wholemodule;
				SWIFT_OPTIMIZATION_LEVEL = "-O";
				VALIDATE_PRODUCT = YES;
			};
			name = Release;
		};
		38666679216E77250005138F /* Debug */ = {
			isa = XCBuildConfiguration;
			buildSettings = {
				ASSETCATALOG_COMPILER_APPICON_NAME = AppIcon;
				CODE_SIGN_STYLE = Automatic;
				DEVELOPMENT_TEAM = THLNFV4G2X;
				INFOPLIST_FILE = RockPaperSisors/Info.plist;
				LD_RUNPATH_SEARCH_PATHS = (
					"$(inherited)",
					"@executable_path/Frameworks",
				);
				PRODUCT_BUNDLE_IDENTIFIER = com.wordpress.jitoledo.RockPaperSisors;
				PRODUCT_NAME = "$(TARGET_NAME)";
				SWIFT_VERSION = 4.0;
				TARGETED_DEVICE_FAMILY = "1,2";
			};
			name = Debug;
		};
		3866667A216E77250005138F /* Release */ = {
			isa = XCBuildConfiguration;
			buildSettings = {
				ASSETCATALOG_COMPILER_APPICON_NAME = AppIcon;
				CODE_SIGN_STYLE = Automatic;
				DEVELOPMENT_TEAM = THLNFV4G2X;
				INFOPLIST_FILE = RockPaperSisors/Info.plist;
				LD_RUNPATH_SEARCH_PATHS = (
					"$(inherited)",
					"@executable_path/Frameworks",
				);
				PRODUCT_BUNDLE_IDENTIFIER = com.wordpress.jitoledo.RockPaperSisors;
				PRODUCT_NAME = "$(TARGET_NAME)";
				SWIFT_VERSION = 4.0;
				TARGETED_DEVICE_FAMILY = "1,2";
			};
			name = Release;
		};
		3866667C216E77250005138F /* Debug */ = {
			isa = XCBuildConfiguration;
			buildSettings = {
				ALWAYS_EMBED_SWIFT_STANDARD_LIBRARIES = YES;
				BUNDLE_LOADER = "$(TEST_HOST)";
				CODE_SIGN_STYLE = Automatic;
				DEVELOPMENT_TEAM = THLNFV4G2X;
				INFOPLIST_FILE = RockPaperSisorsTests/Info.plist;
				LD_RUNPATH_SEARCH_PATHS = (
					"$(inherited)",
					"@executable_path/Frameworks",
					"@loader_path/Frameworks",
				);
				PRODUCT_BUNDLE_IDENTIFIER = com.wordpress.jitoledo.RockPaperSisorsTests;
				PRODUCT_NAME = "$(TARGET_NAME)";
				SWIFT_VERSION = 4.0;
				TARGETED_DEVICE_FAMILY = "1,2";
				TEST_HOST = "$(BUILT_PRODUCTS_DIR)/RockPaperSisors.app/RockPaperSisors";
			};
			name = Debug;
		};
		3866667D216E77250005138F /* Release */ = {
			isa = XCBuildConfiguration;
			buildSettings = {
				ALWAYS_EMBED_SWIFT_STANDARD_LIBRARIES = YES;
				BUNDLE_LOADER = "$(TEST_HOST)";
				CODE_SIGN_STYLE = Automatic;
				DEVELOPMENT_TEAM = THLNFV4G2X;
				INFOPLIST_FILE = RockPaperSisorsTests/Info.plist;
				LD_RUNPATH_SEARCH_PATHS = (
					"$(inherited)",
					"@executable_path/Frameworks",
					"@loader_path/Frameworks",
				);
				PRODUCT_BUNDLE_IDENTIFIER = com.wordpress.jitoledo.RockPaperSisorsTests;
				PRODUCT_NAME = "$(TARGET_NAME)";
				SWIFT_VERSION = 4.0;
				TARGETED_DEVICE_FAMILY = "1,2";
				TEST_HOST = "$(BUILT_PRODUCTS_DIR)/RockPaperSisors.app/RockPaperSisors";
			};
			name = Release;
		};
		3866667F216E77250005138F /* Debug */ = {
			isa = XCBuildConfiguration;
			buildSettings = {
				ALWAYS_EMBED_SWIFT_STANDARD_LIBRARIES = YES;
				CODE_SIGN_STYLE = Automatic;
				DEVELOPMENT_TEAM = THLNFV4G2X;
				INFOPLIST_FILE = RockPaperSisorsUITests/Info.plist;
				LD_RUNPATH_SEARCH_PATHS = (
					"$(inherited)",
					"@executable_path/Frameworks",
					"@loader_path/Frameworks",
				);
				PRODUCT_BUNDLE_IDENTIFIER = com.wordpress.jitoledo.RockPaperSisorsUITests;
				PRODUCT_NAME = "$(TARGET_NAME)";
				SWIFT_VERSION = 4.0;
				TARGETED_DEVICE_FAMILY = "1,2";
				TEST_TARGET_NAME = RockPaperSisors;
			};
			name = Debug;
		};
		38666680216E77250005138F /* Release */ = {
			isa = XCBuildConfiguration;
			buildSettings = {
				ALWAYS_EMBED_SWIFT_STANDARD_LIBRARIES = YES;
				CODE_SIGN_STYLE = Automatic;
				DEVELOPMENT_TEAM = THLNFV4G2X;
				INFOPLIST_FILE = RockPaperSisorsUITests/Info.plist;
				LD_RUNPATH_SEARCH_PATHS = (
					"$(inherited)",
					"@executable_path/Frameworks",
					"@loader_path/Frameworks",
				);
				PRODUCT_BUNDLE_IDENTIFIER = com.wordpress.jitoledo.RockPaperSisorsUITests;
				PRODUCT_NAME = "$(TARGET_NAME)";
				SWIFT_VERSION = 4.0;
				TARGETED_DEVICE_FAMILY = "1,2";
				TEST_TARGET_NAME = RockPaperSisors;
			};
			name = Release;
		};
/* End XCBuildConfiguration section */

/* Begin XCConfigurationList section */
		3866664B216E77210005138F /* Build configuration list for PBXProject "RockPaperSisors" */ = {
			isa = XCConfigurationList;
			buildConfigurations = (
				38666676216E77250005138F /* Debug */,
				38666677216E77250005138F /* Release */,
			);
			defaultConfigurationIsVisible = 0;
			defaultConfigurationName = Release;
		};
		38666678216E77250005138F /* Build configuration list for PBXNativeTarget "RockPaperSisors" */ = {
			isa = XCConfigurationList;
			buildConfigurations = (
				38666679216E77250005138F /* Debug */,
				3866667A216E77250005138F /* Release */,
			);
			defaultConfigurationIsVisible = 0;
			defaultConfigurationName = Release;
		};
		3866667B216E77250005138F /* Build configuration list for PBXNativeTarget "RockPaperSisorsTests" */ = {
			isa = XCConfigurationList;
			buildConfigurations = (
				3866667C216E77250005138F /* Debug */,
				3866667D216E77250005138F /* Release */,
			);
			defaultConfigurationIsVisible = 0;
			defaultConfigurationName = Release;
		};
		3866667E216E77250005138F /* Build configuration list for PBXNativeTarget "RockPaperSisorsUITests" */ = {
			isa = XCConfigurationList;
			buildConfigurations = (
				3866667F216E77250005138F /* Debug */,
				38666680216E77250005138F /* Release */,
			);
			defaultConfigurationIsVisible = 0;
			defaultConfigurationName = Release;
		};
/* End XCConfigurationList section */
	};
	rootObject = 38666648216E77210005138F /* Project object */;
}
